
Microsoft Visual Studio Solution File, Format Version 12.00
# Visual Studio Version 17
VisualStudioVersion = 17.0.32014.148
MinimumVisualStudioVersion = 10.0.40219.1
Project("{FAE04EC0-301F-11D3-BF4B-00C04F79EFBC}") = "Schendel Week 10 Individual Assignment", "Schendel Week 10 Individual Assignment\Schendel Week 10 Individual Assignment.csproj", "{0F58FE6E-638C-491E-ADA7-FECF3464F7F9}"
EndProject
Global
	GlobalSection(SolutionConfigurationPlatforms) = preSolution
		Debug|Any CPU = Debug|Any CPU
		Release|Any CPU = Release|Any CPU
	EndGlobalSection
	GlobalSection(ProjectConfigurationPlatforms) = postSolution
		{0F58FE6E-638C-491E-ADA7-FECF3464F7F9}.Debug|Any CPU.ActiveCfg = Debug|Any CPU
		{0F58FE6E-638C-491E-ADA7-FECF3464F7F9}.Debug|Any CPU.Build.0 = Debug|Any CPU
		{0F58FE6E-638C-491E-ADA7-FECF3464F7F9}.Release|Any CPU.ActiveCfg = Release|Any CPU
		{0F58FE6E-638C-491E-ADA7-FECF3464F7F9}.Release|Any CPU.Build.0 = Release|Any CPU
	EndGlobalSection
	GlobalSection(SolutionProperties) = preSolution
		HideSolutionNode = FALSE
	EndGlobalSection
	GlobalSection(ExtensibilityGlobals) = postSolution
		SolutionGuid = {B595C6AD-D1C8-4C78-B6F7-8E135A5604BB}
	EndGlobalSection
EndGlobal
